
Microsoft Visual Studio Solution File, Format Version 12.00
# Visual Studio 14
VisualStudioVersion = 14.0.25420.1
MinimumVisualStudioVersion = 10.0.40219.1
Project("{FAE04EC0-301F-11D3-BF4B-00C04F79EFBC}") = "MutipleOAuth", "MutipleOAuth\MutipleOAuth.csproj", "{2C24F268-BB88-477F-A129-934CE1392C26}"
EndProject
Project("{FAE04EC0-301F-11D3-BF4B-00C04F79EFBC}") = "Owin.OAuth.MTenant", "Owin.OAuth.MTenant\Owin.OAuth.MTenant.csproj", "{025F88ED-8E07-463A-BA92-FA4C2BD3283B}"
EndProject
Global
	GlobalSection(SolutionConfigurationPlatforms) = preSolution
		Debug|Any CPU = Debug|Any CPU
		Release|Any CPU = Release|Any CPU
	EndGlobalSection
	GlobalSection(ProjectConfigurationPlatforms) = postSolution
		{2C24F268-BB88-477F-A129-934CE1392C26}.Debug|Any CPU.ActiveCfg = Debug|Any CPU
		{2C24F268-BB88-477F-A129-934CE1392C26}.Debug|Any CPU.Build.0 = Debug|Any CPU
		{2C24F268-BB88-477F-A129-934CE1392C26}.Release|Any CPU.ActiveCfg = Release|Any CPU
		{2C24F268-BB88-477F-A129-934CE1392C26}.Release|Any CPU.Build.0 = Release|Any CPU
		{025F88ED-8E07-463A-BA92-FA4C2BD3283B}.Debug|Any CPU.ActiveCfg = Debug|Any CPU
		{025F88ED-8E07-463A-BA92-FA4C2BD3283B}.Debug|Any CPU.Build.0 = Debug|Any CPU
		{025F88ED-8E07-463A-BA92-FA4C2BD3283B}.Release|Any CPU.ActiveCfg = Release|Any CPU
		{025F88ED-8E07-463A-BA92-FA4C2BD3283B}.Release|Any CPU.Build.0 = Release|Any CPU
	EndGlobalSection
	GlobalSection(SolutionProperties) = preSolution
		HideSolutionNode = FALSE
	EndGlobalSection
EndGlobal
